// !$*UTF8*$!
{
	archiveVersion = 1;
	classes = {
	};
	objectVersion = 46;
	objects = {

/* Begin PBXBuildFile section */
		18C946BD18EC621100A14DBE /* Foundation.framework in Frameworks */ = {isa = PBXBuildFile; fileRef = 18C946BC18EC621100A14DBE /* Foundation.framework */; };
		18C946BF18EC621100A14DBE /* CoreGraphics.framework in Frameworks */ = {isa = PBXBuildFile; fileRef = 18C946BE18EC621100A14DBE /* CoreGraphics.framework */; };
		18C946C118EC621100A14DBE /* UIKit.framework in Frameworks */ = {isa = PBXBuildFile; fileRef = 18C946C018EC621100A14DBE /* UIKit.framework */; };
		18C946C718EC621100A14DBE /* InfoPlist.strings in Resources */ = {isa = PBXBuildFile; fileRef = 18C946C518EC621100A14DBE /* InfoPlist.strings */; };
		18C946C918EC621100A14DBE /* main.m in Sources */ = {isa = PBXBuildFile; fileRef = 18C946C818EC621100A14DBE /* main.m */; };
		18C946CD18EC621100A14DBE /* AppDelegate.m in Sources */ = {isa = PBXBuildFile; fileRef = 18C946CC18EC621100A14DBE /* AppDelegate.m */; };
		18C946D018EC621100A14DBE /* Main.storyboard in Resources */ = {isa = PBXBuildFile; fileRef = 18C946CE18EC621100A14DBE /* Main.storyboard */; };
		18C946D318EC621100A14DBE /* MainViewController.m in Sources */ = {isa = PBXBuildFile; fileRef = 18C946D218EC621100A14DBE /* MainViewController.m */; };
		18C946D518EC621100A14DBE /* Images.xcassets in Resources */ = {isa = PBXBuildFile; fileRef = 18C946D418EC621100A14DBE /* Images.xcassets */; };
		18C946DC18EC621100A14DBE /* XCTest.framework in Frameworks */ = {isa = PBXBuildFile; fileRef = 18C946DB18EC621100A14DBE /* XCTest.framework */; };
		18C946DD18EC621100A14DBE /* Foundation.framework in Frameworks */ = {isa = PBXBuildFile; fileRef = 18C946BC18EC621100A14DBE /* Foundation.framework */; };
		18C946DE18EC621100A14DBE /* UIKit.framework in Frameworks */ = {isa = PBXBuildFile; fileRef = 18C946C018EC621100A14DBE /* UIKit.framework */; };
		18C946E618EC621100A14DBE /* InfoPlist.strings in Resources */ = {isa = PBXBuildFile; fileRef = 18C946E418EC621100A14DBE /* InfoPlist.strings */; };
		18C946E818EC621100A14DBE /* MarriageCreateTests.m in Sources */ = {isa = PBXBuildFile; fileRef = 18C946E718EC621100A14DBE /* MarriageCreateTests.m */; };
		18C946F318EC62D700A14DBE /* SlideViewController.m in Sources */ = {isa = PBXBuildFile; fileRef = 18C946F218EC62D700A14DBE /* SlideViewController.m */; };
		18C946F618EC64CA00A14DBE /* back.png in Resources */ = {isa = PBXBuildFile; fileRef = 18C946F518EC64CA00A14DBE /* back.png */; };
		18C946FA18EC677200A14DBE /* ic-slide.png in Resources */ = {isa = PBXBuildFile; fileRef = 18C946F718EC677200A14DBE /* ic-slide.png */; };
		18C946FB18EC677200A14DBE /* ic-photo.png in Resources */ = {isa = PBXBuildFile; fileRef = 18C946F818EC677200A14DBE /* ic-photo.png */; };
		18C946FC18EC677200A14DBE /* ic-send.png in Resources */ = {isa = PBXBuildFile; fileRef = 18C946F918EC677200A14DBE /* ic-send.png */; };
/* End PBXBuildFile section */

/* Begin PBXContainerItemProxy section */
		18C946DF18EC621100A14DBE /* PBXContainerItemProxy */ = {
			isa = PBXContainerItemProxy;
			containerPortal = 18C946B118EC621100A14DBE /* Project object */;
			proxyType = 1;
			remoteGlobalIDString = 18C946B818EC621100A14DBE;
			remoteInfo = MarriageCreate;
		};
/* End PBXContainerItemProxy section */

/* Begin PBXFileReference section */
		18C946B918EC621100A14DBE /* MarriageCreate.app */ = {isa = PBXFileReference; explicitFileType = wrapper.application; includeInIndex = 0; path = MarriageCreate.app; sourceTree = BUILT_PRODUCTS_DIR; };
		18C946BC18EC621100A14DBE /* Foundation.framework */ = {isa = PBXFileReference; lastKnownFileType = wrapper.framework; name = Foundation.framework; path = System/Library/Frameworks/Foundation.framework; sourceTree = SDKROOT; };
		18C946BE18EC621100A14DBE /* CoreGraphics.framework */ = {isa = PBXFileReference; lastKnownFileType = wrapper.framework; name = CoreGraphics.framework; path = System/Library/Frameworks/CoreGraphics.framework; sourceTree = SDKROOT; };
		18C946C018EC621100A14DBE /* UIKit.framework */ = {isa = PBXFileReference; lastKnownFileType = wrapper.framework; name = UIKit.framework; path = System/Library/Frameworks/UIKit.framework; sourceTree = SDKROOT; };
		18C946C418EC621100A14DBE /* MarriageCreate-Info.plist */ = {isa = PBXFileReference; lastKnownFileType = text.plist.xml; path = "MarriageCreate-Info.plist"; sourceTree = "<group>"; };
		18C946C618EC621100A14DBE /* en */ = {isa = PBXFileReference; lastKnownFileType = text.plist.strings; name = en; path = en.lproj/InfoPlist.strings; sourceTree = "<group>"; };
		18C946C818EC621100A14DBE /* main.m */ = {isa = PBXFileReference; lastKnownFileType = sourcecode.c.objc; path = main.m; sourceTree = "<group>"; };
		18C946CA18EC621100A14DBE /* MarriageCreate-Prefix.pch */ = {isa = PBXFileReference; lastKnownFileType = sourcecode.c.h; path = "MarriageCreate-Prefix.pch"; sourceTree = "<group>"; };
		18C946CB18EC621100A14DBE /* AppDelegate.h */ = {isa = PBXFileReference; lastKnownFileType = sourcecode.c.h; path = AppDelegate.h; sourceTree = "<group>"; };
		18C946CC18EC621100A14DBE /* AppDelegate.m */ = {isa = PBXFileReference; lastKnownFileType = sourcecode.c.objc; path = AppDelegate.m; sourceTree = "<group>"; };
		18C946CF18EC621100A14DBE /* Base */ = {isa = PBXFileReference; lastKnownFileType = file.storyboard; name = Base; path = Base.lproj/Main.storyboard; sourceTree = "<group>"; };
		18C946D118EC621100A14DBE /* MainViewController.h */ = {isa = PBXFileReference; lastKnownFileType = sourcecode.c.h; path = MainViewController.h; sourceTree = "<group>"; };
		18C946D218EC621100A14DBE /* MainViewController.m */ = {isa = PBXFileReference; lastKnownFileType = sourcecode.c.objc; path = MainViewController.m; sourceTree = "<group>"; };
		18C946D418EC621100A14DBE /* Images.xcassets */ = {isa = PBXFileReference; lastKnownFileType = folder.assetcatalog; path = Images.xcassets; sourceTree = "<group>"; };
		18C946DA18EC621100A14DBE /* MarriageCreateTests.xctest */ = {isa = PBXFileReference; explicitFileType = wrapper.cfbundle; includeInIndex = 0; path = MarriageCreateTests.xctest; sourceTree = BUILT_PRODUCTS_DIR; };
		18C946DB18EC621100A14DBE /* XCTest.framework */ = {isa = PBXFileReference; lastKnownFileType = wrapper.framework; name = XCTest.framework; path = Library/Frameworks/XCTest.framework; sourceTree = DEVELOPER_DIR; };
		18C946E318EC621100A14DBE /* MarriageCreateTests-Info.plist */ = {isa = PBXFileReference; lastKnownFileType = text.plist.xml; path = "MarriageCreateTests-Info.plist"; sourceTree = "<group>"; };
		18C946E518EC621100A14DBE /* en */ = {isa = PBXFileReference; lastKnownFileType = text.plist.strings; name = en; path = en.lproj/InfoPlist.strings; sourceTree = "<group>"; };
		18C946E718EC621100A14DBE /* MarriageCreateTests.m */ = {isa = PBXFileReference; lastKnownFileType = sourcecode.c.objc; path = MarriageCreateTests.m; sourceTree = "<group>"; };
		18C946F118EC62D700A14DBE /* SlideViewController.h */ = {isa = PBXFileReference; fileEncoding = 4; lastKnownFileType = sourcecode.c.h; path = SlideViewController.h; sourceTree = "<group>"; };
		18C946F218EC62D700A14DBE /* SlideViewController.m */ = {isa = PBXFileReference; fileEncoding = 4; lastKnownFileType = sourcecode.c.objc; path = SlideViewController.m; sourceTree = "<group>"; };
		18C946F518EC64CA00A14DBE /* back.png */ = {isa = PBXFileReference; lastKnownFileType = image.png; path = back.png; sourceTree = "<group>"; };
		18C946F718EC677200A14DBE /* ic-slide.png */ = {isa = PBXFileReference; lastKnownFileType = image.png; path = "ic-slide.png"; sourceTree = "<group>"; };
		18C946F818EC677200A14DBE /* ic-photo.png */ = {isa = PBXFileReference; lastKnownFileType = image.png; path = "ic-photo.png"; sourceTree = "<group>"; };
		18C946F918EC677200A14DBE /* ic-send.png */ = {isa = PBXFileReference; lastKnownFileType = image.png; path = "ic-send.png"; sourceTree = "<group>"; };
/* End PBXFileReference section */

/* Begin PBXFrameworksBuildPhase section */
		18C946B618EC621100A14DBE /* Frameworks */ = {
			isa = PBXFrameworksBuildPhase;
			buildActionMask = 2147483647;
			files = (
				18C946BF18EC621100A14DBE /* CoreGraphics.framework in Frameworks */,
				18C946C118EC621100A14DBE /* UIKit.framework in Frameworks */,
				18C946BD18EC621100A14DBE /* Foundation.framework in Frameworks */,
			);
			runOnlyForDeploymentPostprocessing = 0;
		};
		18C946D718EC621100A14DBE /* Frameworks */ = {
			isa = PBXFrameworksBuildPhase;
			buildActionMask = 2147483647;
			files = (
				18C946DC18EC621100A14DBE /* XCTest.framework in Frameworks */,
				18C946DE18EC621100A14DBE /* UIKit.framework in Frameworks */,
				18C946DD18EC621100A14DBE /* Foundation.framework in Frameworks */,
			);
			runOnlyForDeploymentPostprocessing = 0;
		};
/* End PBXFrameworksBuildPhase section */

/* Begin PBXGroup section */
		18C946B018EC621100A14DBE = {
			isa = PBXGroup;
			children = (
				18C946C218EC621100A14DBE /* MarriageCreate */,
				18C946E118EC621100A14DBE /* MarriageCreateTests */,
				18C946BB18EC621100A14DBE /* Frameworks */,
				18C946BA18EC621100A14DBE /* Products */,
			);
			sourceTree = "<group>";
		};
		18C946BA18EC621100A14DBE /* Products */ = {
			isa = PBXGroup;
			children = (
				18C946B918EC621100A14DBE /* MarriageCreate.app */,
				18C946DA18EC621100A14DBE /* MarriageCreateTests.xctest */,
			);
			name = Products;
			sourceTree = "<group>";
		};
		18C946BB18EC621100A14DBE /* Frameworks */ = {
			isa = PBXGroup;
			children = (
				18C946BC18EC621100A14DBE /* Foundation.framework */,
				18C946BE18EC621100A14DBE /* CoreGraphics.framework */,
				18C946C018EC621100A14DBE /* UIKit.framework */,
				18C946DB18EC621100A14DBE /* XCTest.framework */,
			);
			name = Frameworks;
			sourceTree = "<group>";
		};
		18C946C218EC621100A14DBE /* MarriageCreate */ = {
			isa = PBXGroup;
			children = (
				18C946CB18EC621100A14DBE /* AppDelegate.h */,
				18C946CC18EC621100A14DBE /* AppDelegate.m */,
				18C946CE18EC621100A14DBE /* Main.storyboard */,
				18C946F118EC62D700A14DBE /* SlideViewController.h */,
				18C946F218EC62D700A14DBE /* SlideViewController.m */,
				18C946D118EC621100A14DBE /* MainViewController.h */,
				18C946D218EC621100A14DBE /* MainViewController.m */,
				18C946F418EC64A800A14DBE /* images */,
				18C946D418EC621100A14DBE /* Images.xcassets */,
				18C946C318EC621100A14DBE /* Supporting Files */,
			);
			path = MarriageCreate;
			sourceTree = "<group>";
		};
		18C946C318EC621100A14DBE /* Supporting Files */ = {
			isa = PBXGroup;
			children = (
				18C946C418EC621100A14DBE /* MarriageCreate-Info.plist */,
				18C946C518EC621100A14DBE /* InfoPlist.strings */,
				18C946C818EC621100A14DBE /* main.m */,
				18C946CA18EC621100A14DBE /* MarriageCreate-Prefix.pch */,
			);
			name = "Supporting Files";
			sourceTree = "<group>";
		};
		18C946E118EC621100A14DBE /* MarriageCreateTests */ = {
			isa = PBXGroup;
			children = (
				18C946E718EC621100A14DBE /* MarriageCreateTests.m */,
				18C946E218EC621100A14DBE /* Supporting Files */,
			);
			path = MarriageCreateTests;
			sourceTree = "<group>";
		};
		18C946E218EC621100A14DBE /* Supporting Files */ = {
			isa = PBXGroup;
			children = (
				18C946E318EC621100A14DBE /* MarriageCreateTests-Info.plist */,
				18C946E418EC621100A14DBE /* InfoPlist.strings */,
			);
			name = "Supporting Files";
			sourceTree = "<group>";
		};
		18C946F418EC64A800A14DBE /* images */ = {
			isa = PBXGroup;
			children = (
				18C946F718EC677200A14DBE /* ic-slide.png */,
				18C946F818EC677200A14DBE /* ic-photo.png */,
				18C946F918EC677200A14DBE /* ic-send.png */,
				18C946F518EC64CA00A14DBE /* back.png */,
			);
			name = images;
			sourceTree = "<group>";
		};
/* End PBXGroup section */

/* Begin PBXNativeTarget section */
		18C946B818EC621100A14DBE /* MarriageCreate */ = {
			isa = PBXNativeTarget;
			buildConfigurationList = 18C946EB18EC621100A14DBE /* Build configuration list for PBXNativeTarget "MarriageCreate" */;
			buildPhases = (
				18C946B518EC621100A14DBE /* Sources */,
				18C946B618EC621100A14DBE /* Frameworks */,
				18C946B718EC621100A14DBE /* Resources */,
			);
			buildRules = (
			);
			dependencies = (
			);
			name = MarriageCreate;
			productName = MarriageCreate;
			productReference = 18C946B918EC621100A14DBE /* MarriageCreate.app */;
			productType = "com.apple.product-type.application";
		};
		18C946D918EC621100A14DBE /* MarriageCreateTests */ = {
			isa = PBXNativeTarget;
			buildConfigurationList = 18C946EE18EC621100A14DBE /* Build configuration list for PBXNativeTarget "MarriageCreateTests" */;
			buildPhases = (
				18C946D618EC621100A14DBE /* Sources */,
				18C946D718EC621100A14DBE /* Frameworks */,
				18C946D818EC621100A14DBE /* Resources */,
			);
			buildRules = (
			);
			dependencies = (
				18C946E018EC621100A14DBE /* PBXTargetDependency */,
			);
			name = MarriageCreateTests;
			productName = MarriageCreateTests;
			productReference = 18C946DA18EC621100A14DBE /* MarriageCreateTests.xctest */;
			productType = "com.apple.product-type.bundle.unit-test";
		};
/* End PBXNativeTarget section */

/* Begin PBXProject section */
		18C946B118EC621100A14DBE /* Project object */ = {
			isa = PBXProject;
			attributes = {
				LastUpgradeCheck = 0510;
				ORGANIZATIONNAME = teamInnovation;
				TargetAttributes = {
					18C946D918EC621100A14DBE = {
						TestTargetID = 18C946B818EC621100A14DBE;
					};
				};
			};
			buildConfigurationList = 18C946B418EC621100A14DBE /* Build configuration list for PBXProject "MarriageCreate" */;
			compatibilityVersion = "Xcode 3.2";
			developmentRegion = English;
			hasScannedForEncodings = 0;
			knownRegions = (
				en,
				Base,
			);
			mainGroup = 18C946B018EC621100A14DBE;
			productRefGroup = 18C946BA18EC621100A14DBE /* Products */;
			projectDirPath = "";
			projectRoot = "";
			targets = (
				18C946B818EC621100A14DBE /* MarriageCreate */,
				18C946D918EC621100A14DBE /* MarriageCreateTests */,
			);
		};
/* End PBXProject section */

/* Begin PBXResourcesBuildPhase section */
		18C946B718EC621100A14DBE /* Resources */ = {
			isa = PBXResourcesBuildPhase;
			buildActionMask = 2147483647;
			files = (
				18C946FB18EC677200A14DBE /* ic-photo.png in Resources */,
				18C946F618EC64CA00A14DBE /* back.png in Resources */,
				18C946D518EC621100A14DBE /* Images.xcassets in Resources */,
				18C946FC18EC677200A14DBE /* ic-send.png in Resources */,
				18C946C718EC621100A14DBE /* InfoPlist.strings in Resources */,
				18C946D018EC621100A14DBE /* Main.storyboard in Resources */,
				18C946FA18EC677200A14DBE /* ic-slide.png in Resources */,
			);
			runOnlyForDeploymentPostprocessing = 0;
		};
		18C946D818EC621100A14DBE /* Resources */ = {
			isa = PBXResourcesBuildPhase;
			buildActionMask = 2147483647;
			files = (
				18C946E618EC621100A14DBE /* InfoPlist.strings in Resources */,
			);
			runOnlyForDeploymentPostprocessing = 0;
		};
/* End PBXResourcesBuildPhase section */

/* Begin PBXSourcesBuildPhase section */
		18C946B518EC621100A14DBE /* Sources */ = {
			isa = PBXSourcesBuildPhase;
			buildActionMask = 2147483647;
			files = (
				18C946F318EC62D700A14DBE /* SlideViewController.m in Sources */,
				18C946D318EC621100A14DBE /* MainViewController.m in Sources */,
				18C946CD18EC621100A14DBE /* AppDelegate.m in Sources */,
				18C946C918EC621100A14DBE /* main.m in Sources */,
			);
			runOnlyForDeploymentPostprocessing = 0;
		};
		18C946D618EC621100A14DBE /* Sources */ = {
			isa = PBXSourcesBuildPhase;
			buildActionMask = 2147483647;
			files = (
				18C946E818EC621100A14DBE /* MarriageCreateTests.m in Sources */,
			);
			runOnlyForDeploymentPostprocessing = 0;
		};
/* End PBXSourcesBuildPhase section */

/* Begin PBXTargetDependency section */
		18C946E018EC621100A14DBE /* PBXTargetDependency */ = {
			isa = PBXTargetDependency;
			target = 18C946B818EC621100A14DBE /* MarriageCreate */;
			targetProxy = 18C946DF18EC621100A14DBE /* PBXContainerItemProxy */;
		};
/* End PBXTargetDependency section */

/* Begin PBXVariantGroup section */
		18C946C518EC621100A14DBE /* InfoPlist.strings */ = {
			isa = PBXVariantGroup;
			children = (
				18C946C618EC621100A14DBE /* en */,
			);
			name = InfoPlist.strings;
			sourceTree = "<group>";
		};
		18C946CE18EC621100A14DBE /* Main.storyboard */ = {
			isa = PBXVariantGroup;
			children = (
				18C946CF18EC621100A14DBE /* Base */,
			);
			name = Main.storyboard;
			sourceTree = "<group>";
		};
		18C946E418EC621100A14DBE /* InfoPlist.strings */ = {
			isa = PBXVariantGroup;
			children = (
				18C946E518EC621100A14DBE /* en */,
			);
			name = InfoPlist.strings;
			sourceTree = "<group>";
		};
/* End PBXVariantGroup section */

/* Begin XCBuildConfiguration section */
		18C946E918EC621100A14DBE /* Debug */ = {
			isa = XCBuildConfiguration;
			buildSettings = {
				ALWAYS_SEARCH_USER_PATHS = NO;
				CLANG_CXX_LANGUAGE_STANDARD = "gnu++0x";
				CLANG_CXX_LIBRARY = "libc++";
				CLANG_ENABLE_MODULES = YES;
				CLANG_ENABLE_OBJC_ARC = YES;
				CLANG_WARN_BOOL_CONVERSION = YES;
				CLANG_WARN_CONSTANT_CONVERSION = YES;
				CLANG_WARN_DIRECT_OBJC_ISA_USAGE = YES_ERROR;
				CLANG_WARN_EMPTY_BODY = YES;
				CLANG_WARN_ENUM_CONVERSION = YES;
				CLANG_WARN_INT_CONVERSION = YES;
				CLANG_WARN_OBJC_ROOT_CLASS = YES_ERROR;
				CLANG_WARN__DUPLICATE_METHOD_MATCH = YES;
				"CODE_SIGN_IDENTITY[sdk=iphoneos*]" = "iPhone Developer";
				COPY_PHASE_STRIP = NO;
				GCC_C_LANGUAGE_STANDARD = gnu99;
				GCC_DYNAMIC_NO_PIC = NO;
				GCC_OPTIMIZATION_LEVEL = 0;
				GCC_PREPROCESSOR_DEFINITIONS = (
					"DEBUG=1",
					"$(inherited)",
				);
				GCC_SYMBOLS_PRIVATE_EXTERN = NO;
				GCC_WARN_64_TO_32_BIT_CONVERSION = YES;
				GCC_WARN_ABOUT_RETURN_TYPE = YES_ERROR;
				GCC_WARN_UNDECLARED_SELECTOR = YES;
				GCC_WARN_UNINITIALIZED_AUTOS = YES_AGGRESSIVE;
				GCC_WARN_UNUSED_FUNCTION = YES;
				GCC_WARN_UNUSED_VARIABLE = YES;
				IPHONEOS_DEPLOYMENT_TARGET = 7.1;
				ONLY_ACTIVE_ARCH = YES;
				SDKROOT = iphoneos;
			};
			name = Debug;
		};
		18C946EA18EC621100A14DBE /* Release */ = {
			isa = XCBuildConfiguration;
			buildSettings = {
				ALWAYS_SEARCH_USER_PATHS = NO;
				CLANG_CXX_LANGUAGE_STANDARD = "gnu++0x";
				CLANG_CXX_LIBRARY = "libc++";
				CLANG_ENABLE_MODULES = YES;
				CLANG_ENABLE_OBJC_ARC = YES;
				CLANG_WARN_BOOL_CONVERSION = YES;
				CLANG_WARN_CONSTANT_CONVERSION = YES;
				CLANG_WARN_DIRECT_OBJC_ISA_USAGE = YES_ERROR;
				CLANG_WARN_EMPTY_BODY = YES;
				CLANG_WARN_ENUM_CONVERSION = YES;
				CLANG_WARN_INT_CONVERSION = YES;
				CLANG_WARN_OBJC_ROOT_CLASS = YES_ERROR;
				CLANG_WARN__DUPLICATE_METHOD_MATCH = YES;
				"CODE_SIGN_IDENTITY[sdk=iphoneos*]" = "iPhone Developer";
				COPY_PHASE_STRIP = YES;
				ENABLE_NS_ASSERTIONS = NO;
				GCC_C_LANGUAGE_STANDARD = gnu99;
				GCC_WARN_64_TO_32_BIT_CONVERSION = YES;
				GCC_WARN_ABOUT_RETURN_TYPE = YES_ERROR;
				GCC_WARN_UNDECLARED_SELECTOR = YES;
				GCC_WARN_UNINITIALIZED_AUTOS = YES_AGGRESSIVE;
				GCC_WARN_UNUSED_FUNCTION = YES;
				GCC_WARN_UNUSED_VARIABLE = YES;
				IPHONEOS_DEPLOYMENT_TARGET = 7.1;
				SDKROOT = iphoneos;
				VALIDATE_PRODUCT = YES;
			};
			name = Release;
		};
		18C946EC18EC621100A14DBE /* Debug */ = {
			isa = XCBuildConfiguration;
			buildSettings = {
				ASSETCATALOG_COMPILER_APPICON_NAME = AppIcon;
				ASSETCATALOG_COMPILER_LAUNCHIMAGE_NAME = LaunchImage;
				GCC_PRECOMPILE_PREFIX_HEADER = YES;
				GCC_PREFIX_HEADER = "MarriageCreate/MarriageCreate-Prefix.pch";
				INFOPLIST_FILE = "MarriageCreate/MarriageCreate-Info.plist";
				PRODUCT_NAME = "$(TARGET_NAME)";
				WRAPPER_EXTENSION = app;
			};
			name = Debug;
		};
		18C946ED18EC621100A14DBE /* Release */ = {
			isa = XCBuildConfiguration;
			buildSettings = {
				ASSETCATALOG_COMPILER_APPICON_NAME = AppIcon;
				ASSETCATALOG_COMPILER_LAUNCHIMAGE_NAME = LaunchImage;
				GCC_PRECOMPILE_PREFIX_HEADER = YES;
				GCC_PREFIX_HEADER = "MarriageCreate/MarriageCreate-Prefix.pch";
				INFOPLIST_FILE = "MarriageCreate/MarriageCreate-Info.plist";
				PRODUCT_NAME = "$(TARGET_NAME)";
				WRAPPER_EXTENSION = app;
			};
			name = Release;
		};
		18C946EF18EC621100A14DBE /* Debug */ = {
			isa = XCBuildConfiguration;
			buildSettings = {
				BUNDLE_LOADER = "$(BUILT_PRODUCTS_DIR)/MarriageCreate.app/MarriageCreate";
				FRAMEWORK_SEARCH_PATHS = (
					"$(SDKROOT)/Developer/Library/Frameworks",
					"$(inherited)",
					"$(DEVELOPER_FRAMEWORKS_DIR)",
				);
				GCC_PRECOMPILE_PREFIX_HEADER = YES;
				GCC_PREFIX_HEADER = "MarriageCreate/MarriageCreate-Prefix.pch";
				GCC_PREPROCESSOR_DEFINITIONS = (
					"DEBUG=1",
					"$(inherited)",
				);
				INFOPLIST_FILE = "MarriageCreateTests/MarriageCreateTests-Info.plist";
				PRODUCT_NAME = "$(TARGET_NAME)";
				TEST_HOST = "$(BUNDLE_LOADER)";
				WRAPPER_EXTENSION = xctest;
			};
			name = Debug;
		};
		18C946F018EC621100A14DBE /* Release */ = {
			isa = XCBuildConfiguration;
			buildSettings = {
				BUNDLE_LOADER = "$(BUILT_PRODUCTS_DIR)/MarriageCreate.app/MarriageCreate";
				FRAMEWORK_SEARCH_PATHS = (
					"$(SDKROOT)/Developer/Library/Frameworks",
					"$(inherited)",
					"$(DEVELOPER_FRAMEWORKS_DIR)",
				);
				GCC_PRECOMPILE_PREFIX_HEADER = YES;
				GCC_PREFIX_HEADER = "MarriageCreate/MarriageCreate-Prefix.pch";
				INFOPLIST_FILE = "MarriageCreateTests/MarriageCreateTests-Info.plist";
				PRODUCT_NAME = "$(TARGET_NAME)";
				TEST_HOST = "$(BUNDLE_LOADER)";
				WRAPPER_EXTENSION = xctest;
			};
			name = Release;
		};
/* End XCBuildConfiguration section */

/* Begin XCConfigurationList section */
		18C946B418EC621100A14DBE /* Build configuration list for PBXProject "MarriageCreate" */ = {
			isa = XCConfigurationList;
			buildConfigurations = (
				18C946E918EC621100A14DBE /* Debug */,
				18C946EA18EC621100A14DBE /* Release */,
			);
			defaultConfigurationIsVisible = 0;
			defaultConfigurationName = Release;
		};
		18C946EB18EC621100A14DBE /* Build configuration list for PBXNativeTarget "MarriageCreate" */ = {
			isa = XCConfigurationList;
			buildConfigurations = (
				18C946EC18EC621100A14DBE /* Debug */,
				18C946ED18EC621100A14DBE /* Release */,
			);
			defaultConfigurationIsVisible = 0;
		};
		18C946EE18EC621100A14DBE /* Build configuration list for PBXNativeTarget "MarriageCreateTests" */ = {
			isa = XCConfigurationList;
			buildConfigurations = (
				18C946EF18EC621100A14DBE /* Debug */,
				18C946F018EC621100A14DBE /* Release */,
			);
			defaultConfigurationIsVisible = 0;
		};
/* End XCConfigurationList section */
	};
	rootObject = 18C946B118EC621100A14DBE /* Project object */;
}
