// !$*UTF8*$!
{
	archiveVersion = 1;
	classes = {
	};
	objectVersion = 46;
	objects = {

/* Begin PBXBuildFile section */
		18216ED218EC6F9300C87109 /* ELCAlbumPickerController.m in Sources */ = {isa = PBXBuildFile; fileRef = 18216EC118EC6F9300C87109 /* ELCAlbumPickerController.m */; };
		18216ED318EC6F9300C87109 /* ELCAsset.m in Sources */ = {isa = PBXBuildFile; fileRef = 18216EC318EC6F9300C87109 /* ELCAsset.m */; };
		18216ED418EC6F9300C87109 /* ELCAssetCell.m in Sources */ = {isa = PBXBuildFile; fileRef = 18216EC518EC6F9300C87109 /* ELCAssetCell.m */; };
		18216ED518EC6F9300C87109 /* ELCAssetTablePicker.m in Sources */ = {isa = PBXBuildFile; fileRef = 18216EC918EC6F9300C87109 /* ELCAssetTablePicker.m */; };
		18216ED618EC6F9300C87109 /* ELCImagePickerController.m in Sources */ = {isa = PBXBuildFile; fileRef = 18216ECB18EC6F9300C87109 /* ELCImagePickerController.m */; };
		18216ED718EC6F9300C87109 /* ELCAlbumPickerController.xib in Resources */ = {isa = PBXBuildFile; fileRef = 18216ECD18EC6F9300C87109 /* ELCAlbumPickerController.xib */; };
		18216ED818EC6F9300C87109 /* ELCAssetPicker.xib in Resources */ = {isa = PBXBuildFile; fileRef = 18216ECE18EC6F9300C87109 /* ELCAssetPicker.xib */; };
		18216ED918EC6F9300C87109 /* ELCAssetTablePicker.xib in Resources */ = {isa = PBXBuildFile; fileRef = 18216ECF18EC6F9300C87109 /* ELCAssetTablePicker.xib */; };
		18216EDA18EC6F9300C87109 /* Overlay.png in Resources */ = {isa = PBXBuildFile; fileRef = 18216ED018EC6F9300C87109 /* Overlay.png */; };
		18216EDB18EC6F9300C87109 /* Overlay@2x.png in Resources */ = {isa = PBXBuildFile; fileRef = 18216ED118EC6F9300C87109 /* Overlay@2x.png */; };
		18216F0718ECF63C00C87109 /* Base64Transcoder.m in Sources */ = {isa = PBXBuildFile; fileRef = 18216EFE18ECF63C00C87109 /* Base64Transcoder.m */; settings = {COMPILER_FLAGS = "-fno-objc-arc"; }; };
		18216F0818ECF63C00C87109 /* HSK_CFUtilities.m in Sources */ = {isa = PBXBuildFile; fileRef = 18216F0018ECF63C00C87109 /* HSK_CFUtilities.m */; settings = {COMPILER_FLAGS = "-fno-objc-arc"; }; };
		18216F0918ECF63C00C87109 /* NSData+Base64Additions.m in Sources */ = {isa = PBXBuildFile; fileRef = 18216F0218ECF63C00C87109 /* NSData+Base64Additions.m */; settings = {COMPILER_FLAGS = "-fno-objc-arc"; }; };
		18216F0A18ECF63C00C87109 /* NSStream+SKPSMTPExtensions.m in Sources */ = {isa = PBXBuildFile; fileRef = 18216F0418ECF63C00C87109 /* NSStream+SKPSMTPExtensions.m */; settings = {COMPILER_FLAGS = "-fno-objc-arc"; }; };
		18216F0B18ECF63C00C87109 /* SKPSMTPMessage.m in Sources */ = {isa = PBXBuildFile; fileRef = 18216F0618ECF63C00C87109 /* SKPSMTPMessage.m */; settings = {COMPILER_FLAGS = "-fno-objc-arc"; }; };
		18216F7018F01CEE00C87109 /* SVProgressHUD.bundle in Resources */ = {isa = PBXBuildFile; fileRef = 18216F6D18F01CEE00C87109 /* SVProgressHUD.bundle */; };
		18216F7118F01CEE00C87109 /* SVProgressHUD.m in Sources */ = {isa = PBXBuildFile; fileRef = 18216F6F18F01CEE00C87109 /* SVProgressHUD.m */; };
		18216F7518F2492600C87109 /* icon-60@2x.png in Resources */ = {isa = PBXBuildFile; fileRef = 18216F7418F2492600C87109 /* icon-60@2x.png */; };
		18C946BD18EC621100A14DBE /* Foundation.framework in Frameworks */ = {isa = PBXBuildFile; fileRef = 18C946BC18EC621100A14DBE /* Foundation.framework */; };
		18C946BF18EC621100A14DBE /* CoreGraphics.framework in Frameworks */ = {isa = PBXBuildFile; fileRef = 18C946BE18EC621100A14DBE /* CoreGraphics.framework */; };
		18C946C118EC621100A14DBE /* UIKit.framework in Frameworks */ = {isa = PBXBuildFile; fileRef = 18C946C018EC621100A14DBE /* UIKit.framework */; };
		18C946C718EC621100A14DBE /* InfoPlist.strings in Resources */ = {isa = PBXBuildFile; fileRef = 18C946C518EC621100A14DBE /* InfoPlist.strings */; };
		18C946C918EC621100A14DBE /* main.m in Sources */ = {isa = PBXBuildFile; fileRef = 18C946C818EC621100A14DBE /* main.m */; };
		18C946CD18EC621100A14DBE /* AppDelegate.m in Sources */ = {isa = PBXBuildFile; fileRef = 18C946CC18EC621100A14DBE /* AppDelegate.m */; };
		18C946D018EC621100A14DBE /* Main.storyboard in Resources */ = {isa = PBXBuildFile; fileRef = 18C946CE18EC621100A14DBE /* Main.storyboard */; };
		18C946D318EC621100A14DBE /* MainViewController.m in Sources */ = {isa = PBXBuildFile; fileRef = 18C946D218EC621100A14DBE /* MainViewController.m */; };
		18C946D518EC621100A14DBE /* Images.xcassets in Resources */ = {isa = PBXBuildFile; fileRef = 18C946D418EC621100A14DBE /* Images.xcassets */; };
		18C946DC18EC621100A14DBE /* XCTest.framework in Frameworks */ = {isa = PBXBuildFile; fileRef = 18C946DB18EC621100A14DBE /* XCTest.framework */; };
		18C946DD18EC621100A14DBE /* Foundation.framework in Frameworks */ = {isa = PBXBuildFile; fileRef = 18C946BC18EC621100A14DBE /* Foundation.framework */; };
		18C946DE18EC621100A14DBE /* UIKit.framework in Frameworks */ = {isa = PBXBuildFile; fileRef = 18C946C018EC621100A14DBE /* UIKit.framework */; };
		18C946E618EC621100A14DBE /* InfoPlist.strings in Resources */ = {isa = PBXBuildFile; fileRef = 18C946E418EC621100A14DBE /* InfoPlist.strings */; };
		18C946E818EC621100A14DBE /* MarriageCreateTests.m in Sources */ = {isa = PBXBuildFile; fileRef = 18C946E718EC621100A14DBE /* MarriageCreateTests.m */; };
		18C946F318EC62D700A14DBE /* SlideViewController.m in Sources */ = {isa = PBXBuildFile; fileRef = 18C946F218EC62D700A14DBE /* SlideViewController.m */; };
		18C946F618EC64CA00A14DBE /* back.png in Resources */ = {isa = PBXBuildFile; fileRef = 18C946F518EC64CA00A14DBE /* back.png */; };
		18C946FA18EC677200A14DBE /* ic-slide.png in Resources */ = {isa = PBXBuildFile; fileRef = 18C946F718EC677200A14DBE /* ic-slide.png */; };
		18C946FB18EC677200A14DBE /* ic-photo.png in Resources */ = {isa = PBXBuildFile; fileRef = 18C946F818EC677200A14DBE /* ic-photo.png */; };
		18C946FC18EC677200A14DBE /* ic-send.png in Resources */ = {isa = PBXBuildFile; fileRef = 18C946F918EC677200A14DBE /* ic-send.png */; };
		8731D39F18EE585700C3F977 /* AVFoundation.framework in Frameworks */ = {isa = PBXBuildFile; fileRef = 8731D39E18EE585700C3F977 /* AVFoundation.framework */; };
		8731D3A218EE696A00C3F977 /* CameraViewController.m in Sources */ = {isa = PBXBuildFile; fileRef = 8731D3A118EE696A00C3F977 /* CameraViewController.m */; };
		8731D3A618EE74AE00C3F977 /* camera.png in Resources */ = {isa = PBXBuildFile; fileRef = 8731D3A518EE74AE00C3F977 /* camera.png */; };
		8731D3A818EE7B6700C3F977 /* arrow.png in Resources */ = {isa = PBXBuildFile; fileRef = 8731D3A718EE7B6700C3F977 /* arrow.png */; };
/* End PBXBuildFile section */

/* Begin PBXContainerItemProxy section */
		18C946DF18EC621100A14DBE /* PBXContainerItemProxy */ = {
			isa = PBXContainerItemProxy;
			containerPortal = 18C946B118EC621100A14DBE /* Project object */;
			proxyType = 1;
			remoteGlobalIDString = 18C946B818EC621100A14DBE;
			remoteInfo = MarriageCreate;
		};
/* End PBXContainerItemProxy section */

/* Begin PBXFileReference section */
		18216EC018EC6F9300C87109 /* ELCAlbumPickerController.h */ = {isa = PBXFileReference; fileEncoding = 4; lastKnownFileType = sourcecode.c.h; path = ELCAlbumPickerController.h; sourceTree = "<group>"; };
		18216EC118EC6F9300C87109 /* ELCAlbumPickerController.m */ = {isa = PBXFileReference; fileEncoding = 4; lastKnownFileType = sourcecode.c.objc; path = ELCAlbumPickerController.m; sourceTree = "<group>"; };
		18216EC218EC6F9300C87109 /* ELCAsset.h */ = {isa = PBXFileReference; fileEncoding = 4; lastKnownFileType = sourcecode.c.h; path = ELCAsset.h; sourceTree = "<group>"; };
		18216EC318EC6F9300C87109 /* ELCAsset.m */ = {isa = PBXFileReference; fileEncoding = 4; lastKnownFileType = sourcecode.c.objc; path = ELCAsset.m; sourceTree = "<group>"; };
		18216EC418EC6F9300C87109 /* ELCAssetCell.h */ = {isa = PBXFileReference; fileEncoding = 4; lastKnownFileType = sourcecode.c.h; path = ELCAssetCell.h; sourceTree = "<group>"; };
		18216EC518EC6F9300C87109 /* ELCAssetCell.m */ = {isa = PBXFileReference; fileEncoding = 4; lastKnownFileType = sourcecode.c.objc; path = ELCAssetCell.m; sourceTree = "<group>"; };
		18216EC618EC6F9300C87109 /* ELCAssetPickerFilterDelegate.h */ = {isa = PBXFileReference; fileEncoding = 4; lastKnownFileType = sourcecode.c.h; path = ELCAssetPickerFilterDelegate.h; sourceTree = "<group>"; };
		18216EC718EC6F9300C87109 /* ELCAssetSelectionDelegate.h */ = {isa = PBXFileReference; fileEncoding = 4; lastKnownFileType = sourcecode.c.h; path = ELCAssetSelectionDelegate.h; sourceTree = "<group>"; };
		18216EC818EC6F9300C87109 /* ELCAssetTablePicker.h */ = {isa = PBXFileReference; fileEncoding = 4; lastKnownFileType = sourcecode.c.h; path = ELCAssetTablePicker.h; sourceTree = "<group>"; };
		18216EC918EC6F9300C87109 /* ELCAssetTablePicker.m */ = {isa = PBXFileReference; fileEncoding = 4; lastKnownFileType = sourcecode.c.objc; path = ELCAssetTablePicker.m; sourceTree = "<group>"; };
		18216ECA18EC6F9300C87109 /* ELCImagePickerController.h */ = {isa = PBXFileReference; fileEncoding = 4; lastKnownFileType = sourcecode.c.h; path = ELCImagePickerController.h; sourceTree = "<group>"; };
		18216ECB18EC6F9300C87109 /* ELCImagePickerController.m */ = {isa = PBXFileReference; fileEncoding = 4; lastKnownFileType = sourcecode.c.objc; path = ELCImagePickerController.m; sourceTree = "<group>"; };
		18216ECD18EC6F9300C87109 /* ELCAlbumPickerController.xib */ = {isa = PBXFileReference; fileEncoding = 4; lastKnownFileType = file.xib; path = ELCAlbumPickerController.xib; sourceTree = "<group>"; };
		18216ECE18EC6F9300C87109 /* ELCAssetPicker.xib */ = {isa = PBXFileReference; fileEncoding = 4; lastKnownFileType = file.xib; path = ELCAssetPicker.xib; sourceTree = "<group>"; };
		18216ECF18EC6F9300C87109 /* ELCAssetTablePicker.xib */ = {isa = PBXFileReference; fileEncoding = 4; lastKnownFileType = file.xib; path = ELCAssetTablePicker.xib; sourceTree = "<group>"; };
		18216ED018EC6F9300C87109 /* Overlay.png */ = {isa = PBXFileReference; lastKnownFileType = image.png; path = Overlay.png; sourceTree = "<group>"; };
		18216ED118EC6F9300C87109 /* Overlay@2x.png */ = {isa = PBXFileReference; lastKnownFileType = image.png; path = "Overlay@2x.png"; sourceTree = "<group>"; };
		18216EFD18ECF63C00C87109 /* Base64Transcoder.h */ = {isa = PBXFileReference; fileEncoding = 4; lastKnownFileType = sourcecode.c.h; path = Base64Transcoder.h; sourceTree = "<group>"; };
		18216EFE18ECF63C00C87109 /* Base64Transcoder.m */ = {isa = PBXFileReference; fileEncoding = 4; lastKnownFileType = sourcecode.c.objc; path = Base64Transcoder.m; sourceTree = "<group>"; };
		18216EFF18ECF63C00C87109 /* HSK_CFUtilities.h */ = {isa = PBXFileReference; fileEncoding = 4; lastKnownFileType = sourcecode.c.h; path = HSK_CFUtilities.h; sourceTree = "<group>"; };
		18216F0018ECF63C00C87109 /* HSK_CFUtilities.m */ = {isa = PBXFileReference; fileEncoding = 4; lastKnownFileType = sourcecode.c.objc; path = HSK_CFUtilities.m; sourceTree = "<group>"; };
		18216F0118ECF63C00C87109 /* NSData+Base64Additions.h */ = {isa = PBXFileReference; fileEncoding = 4; lastKnownFileType = sourcecode.c.h; path = "NSData+Base64Additions.h"; sourceTree = "<group>"; };
		18216F0218ECF63C00C87109 /* NSData+Base64Additions.m */ = {isa = PBXFileReference; fileEncoding = 4; lastKnownFileType = sourcecode.c.objc; path = "NSData+Base64Additions.m"; sourceTree = "<group>"; };
		18216F0318ECF63C00C87109 /* NSStream+SKPSMTPExtensions.h */ = {isa = PBXFileReference; fileEncoding = 4; lastKnownFileType = sourcecode.c.h; path = "NSStream+SKPSMTPExtensions.h"; sourceTree = "<group>"; };
		18216F0418ECF63C00C87109 /* NSStream+SKPSMTPExtensions.m */ = {isa = PBXFileReference; fileEncoding = 4; lastKnownFileType = sourcecode.c.objc; path = "NSStream+SKPSMTPExtensions.m"; sourceTree = "<group>"; };
		18216F0518ECF63C00C87109 /* SKPSMTPMessage.h */ = {isa = PBXFileReference; fileEncoding = 4; lastKnownFileType = sourcecode.c.h; path = SKPSMTPMessage.h; sourceTree = "<group>"; };
		18216F0618ECF63C00C87109 /* SKPSMTPMessage.m */ = {isa = PBXFileReference; fileEncoding = 4; lastKnownFileType = sourcecode.c.objc; path = SKPSMTPMessage.m; sourceTree = "<group>"; };
		18216F6C18F01CEE00C87109 /* SVProgressHUD-Prefix.pch */ = {isa = PBXFileReference; fileEncoding = 4; lastKnownFileType = sourcecode.c.h; path = "SVProgressHUD-Prefix.pch"; sourceTree = "<group>"; };
		18216F6D18F01CEE00C87109 /* SVProgressHUD.bundle */ = {isa = PBXFileReference; lastKnownFileType = "wrapper.plug-in"; path = SVProgressHUD.bundle; sourceTree = "<group>"; };
		18216F6E18F01CEE00C87109 /* SVProgressHUD.h */ = {isa = PBXFileReference; fileEncoding = 4; lastKnownFileType = sourcecode.c.h; path = SVProgressHUD.h; sourceTree = "<group>"; };
		18216F6F18F01CEE00C87109 /* SVProgressHUD.m */ = {isa = PBXFileReference; fileEncoding = 4; lastKnownFileType = sourcecode.c.objc; path = SVProgressHUD.m; sourceTree = "<group>"; };
		18216F7418F2492600C87109 /* icon-60@2x.png */ = {isa = PBXFileReference; lastKnownFileType = image.png; path = "icon-60@2x.png"; sourceTree = "<group>"; };
		18C946B918EC621100A14DBE /* MarriageCreate.app */ = {isa = PBXFileReference; explicitFileType = wrapper.application; includeInIndex = 0; path = MarriageCreate.app; sourceTree = BUILT_PRODUCTS_DIR; };
		18C946BC18EC621100A14DBE /* Foundation.framework */ = {isa = PBXFileReference; lastKnownFileType = wrapper.framework; name = Foundation.framework; path = System/Library/Frameworks/Foundation.framework; sourceTree = SDKROOT; };
		18C946BE18EC621100A14DBE /* CoreGraphics.framework */ = {isa = PBXFileReference; lastKnownFileType = wrapper.framework; name = CoreGraphics.framework; path = System/Library/Frameworks/CoreGraphics.framework; sourceTree = SDKROOT; };
		18C946C018EC621100A14DBE /* UIKit.framework */ = {isa = PBXFileReference; lastKnownFileType = wrapper.framework; name = UIKit.framework; path = System/Library/Frameworks/UIKit.framework; sourceTree = SDKROOT; };
		18C946C418EC621100A14DBE /* MarriageCreate-Info.plist */ = {isa = PBXFileReference; lastKnownFileType = text.plist.xml; path = "MarriageCreate-Info.plist"; sourceTree = "<group>"; };
		18C946C618EC621100A14DBE /* en */ = {isa = PBXFileReference; lastKnownFileType = text.plist.strings; name = en; path = en.lproj/InfoPlist.strings; sourceTree = "<group>"; };
		18C946C818EC621100A14DBE /* main.m */ = {isa = PBXFileReference; lastKnownFileType = sourcecode.c.objc; path = main.m; sourceTree = "<group>"; };
		18C946CA18EC621100A14DBE /* MarriageCreate-Prefix.pch */ = {isa = PBXFileReference; lastKnownFileType = sourcecode.c.h; path = "MarriageCreate-Prefix.pch"; sourceTree = "<group>"; };
		18C946CB18EC621100A14DBE /* AppDelegate.h */ = {isa = PBXFileReference; lastKnownFileType = sourcecode.c.h; path = AppDelegate.h; sourceTree = "<group>"; };
		18C946CC18EC621100A14DBE /* AppDelegate.m */ = {isa = PBXFileReference; lastKnownFileType = sourcecode.c.objc; path = AppDelegate.m; sourceTree = "<group>"; };
		18C946CF18EC621100A14DBE /* Base */ = {isa = PBXFileReference; lastKnownFileType = file.storyboard; name = Base; path = Base.lproj/Main.storyboard; sourceTree = "<group>"; };
		18C946D118EC621100A14DBE /* MainViewController.h */ = {isa = PBXFileReference; lastKnownFileType = sourcecode.c.h; path = MainViewController.h; sourceTree = "<group>"; };
		18C946D218EC621100A14DBE /* MainViewController.m */ = {isa = PBXFileReference; lastKnownFileType = sourcecode.c.objc; path = MainViewController.m; sourceTree = "<group>"; };
		18C946D418EC621100A14DBE /* Images.xcassets */ = {isa = PBXFileReference; lastKnownFileType = folder.assetcatalog; path = Images.xcassets; sourceTree = "<group>"; };
		18C946DA18EC621100A14DBE /* MarriageCreateTests.xctest */ = {isa = PBXFileReference; explicitFileType = wrapper.cfbundle; includeInIndex = 0; path = MarriageCreateTests.xctest; sourceTree = BUILT_PRODUCTS_DIR; };
		18C946DB18EC621100A14DBE /* XCTest.framework */ = {isa = PBXFileReference; lastKnownFileType = wrapper.framework; name = XCTest.framework; path = Library/Frameworks/XCTest.framework; sourceTree = DEVELOPER_DIR; };
		18C946E318EC621100A14DBE /* MarriageCreateTests-Info.plist */ = {isa = PBXFileReference; lastKnownFileType = text.plist.xml; path = "MarriageCreateTests-Info.plist"; sourceTree = "<group>"; };
		18C946E518EC621100A14DBE /* en */ = {isa = PBXFileReference; lastKnownFileType = text.plist.strings; name = en; path = en.lproj/InfoPlist.strings; sourceTree = "<group>"; };
		18C946E718EC621100A14DBE /* MarriageCreateTests.m */ = {isa = PBXFileReference; lastKnownFileType = sourcecode.c.objc; path = MarriageCreateTests.m; sourceTree = "<group>"; };
		18C946F118EC62D700A14DBE /* SlideViewController.h */ = {isa = PBXFileReference; fileEncoding = 4; lastKnownFileType = sourcecode.c.h; path = SlideViewController.h; sourceTree = "<group>"; };
		18C946F218EC62D700A14DBE /* SlideViewController.m */ = {isa = PBXFileReference; fileEncoding = 4; lastKnownFileType = sourcecode.c.objc; path = SlideViewController.m; sourceTree = "<group>"; };
		18C946F518EC64CA00A14DBE /* back.png */ = {isa = PBXFileReference; lastKnownFileType = image.png; path = back.png; sourceTree = "<group>"; };
		18C946F718EC677200A14DBE /* ic-slide.png */ = {isa = PBXFileReference; lastKnownFileType = image.png; path = "ic-slide.png"; sourceTree = "<group>"; };
		18C946F818EC677200A14DBE /* ic-photo.png */ = {isa = PBXFileReference; lastKnownFileType = image.png; path = "ic-photo.png"; sourceTree = "<group>"; };
		18C946F918EC677200A14DBE /* ic-send.png */ = {isa = PBXFileReference; lastKnownFileType = image.png; path = "ic-send.png"; sourceTree = "<group>"; };
		8731D39E18EE585700C3F977 /* AVFoundation.framework */ = {isa = PBXFileReference; lastKnownFileType = wrapper.framework; name = AVFoundation.framework; path = System/Library/Frameworks/AVFoundation.framework; sourceTree = SDKROOT; };
		8731D3A018EE696A00C3F977 /* CameraViewController.h */ = {isa = PBXFileReference; fileEncoding = 4; lastKnownFileType = sourcecode.c.h; path = CameraViewController.h; sourceTree = "<group>"; };
		8731D3A118EE696A00C3F977 /* CameraViewController.m */ = {isa = PBXFileReference; fileEncoding = 4; lastKnownFileType = sourcecode.c.objc; path = CameraViewController.m; sourceTree = "<group>"; };
		8731D3A518EE74AE00C3F977 /* camera.png */ = {isa = PBXFileReference; lastKnownFileType = image.png; path = camera.png; sourceTree = "<group>"; };
		8731D3A718EE7B6700C3F977 /* arrow.png */ = {isa = PBXFileReference; lastKnownFileType = image.png; path = arrow.png; sourceTree = "<group>"; };
/* End PBXFileReference section */

/* Begin PBXFrameworksBuildPhase section */
		18C946B618EC621100A14DBE /* Frameworks */ = {
			isa = PBXFrameworksBuildPhase;
			buildActionMask = 2147483647;
			files = (
				8731D39F18EE585700C3F977 /* AVFoundation.framework in Frameworks */,
				18C946BF18EC621100A14DBE /* CoreGraphics.framework in Frameworks */,
				18C946C118EC621100A14DBE /* UIKit.framework in Frameworks */,
				18C946BD18EC621100A14DBE /* Foundation.framework in Frameworks */,
			);
			runOnlyForDeploymentPostprocessing = 0;
		};
		18C946D718EC621100A14DBE /* Frameworks */ = {
			isa = PBXFrameworksBuildPhase;
			buildActionMask = 2147483647;
			files = (
				18C946DC18EC621100A14DBE /* XCTest.framework in Frameworks */,
				18C946DE18EC621100A14DBE /* UIKit.framework in Frameworks */,
				18C946DD18EC621100A14DBE /* Foundation.framework in Frameworks */,
			);
			runOnlyForDeploymentPostprocessing = 0;
		};
/* End PBXFrameworksBuildPhase section */

/* Begin PBXGroup section */
		18216EBF18EC6F9300C87109 /* ELCImagePicker */ = {
			isa = PBXGroup;
			children = (
				18216EC018EC6F9300C87109 /* ELCAlbumPickerController.h */,
				18216EC118EC6F9300C87109 /* ELCAlbumPickerController.m */,
				18216EC218EC6F9300C87109 /* ELCAsset.h */,
				18216EC318EC6F9300C87109 /* ELCAsset.m */,
				18216EC418EC6F9300C87109 /* ELCAssetCell.h */,
				18216EC518EC6F9300C87109 /* ELCAssetCell.m */,
				18216EC618EC6F9300C87109 /* ELCAssetPickerFilterDelegate.h */,
				18216EC718EC6F9300C87109 /* ELCAssetSelectionDelegate.h */,
				18216EC818EC6F9300C87109 /* ELCAssetTablePicker.h */,
				18216EC918EC6F9300C87109 /* ELCAssetTablePicker.m */,
				18216ECA18EC6F9300C87109 /* ELCImagePickerController.h */,
				18216ECB18EC6F9300C87109 /* ELCImagePickerController.m */,
				18216ECC18EC6F9300C87109 /* Resources */,
			);
			path = ELCImagePicker;
			sourceTree = "<group>";
		};
		18216ECC18EC6F9300C87109 /* Resources */ = {
			isa = PBXGroup;
			children = (
				18216ECD18EC6F9300C87109 /* ELCAlbumPickerController.xib */,
				18216ECE18EC6F9300C87109 /* ELCAssetPicker.xib */,
				18216ECF18EC6F9300C87109 /* ELCAssetTablePicker.xib */,
				18216ED018EC6F9300C87109 /* Overlay.png */,
				18216ED118EC6F9300C87109 /* Overlay@2x.png */,
			);
			path = Resources;
			sourceTree = "<group>";
		};
		18216EFC18ECF63C00C87109 /* SMTPLibrary */ = {
			isa = PBXGroup;
			children = (
				18216EFD18ECF63C00C87109 /* Base64Transcoder.h */,
				18216EFE18ECF63C00C87109 /* Base64Transcoder.m */,
				18216EFF18ECF63C00C87109 /* HSK_CFUtilities.h */,
				18216F0018ECF63C00C87109 /* HSK_CFUtilities.m */,
				18216F0118ECF63C00C87109 /* NSData+Base64Additions.h */,
				18216F0218ECF63C00C87109 /* NSData+Base64Additions.m */,
				18216F0318ECF63C00C87109 /* NSStream+SKPSMTPExtensions.h */,
				18216F0418ECF63C00C87109 /* NSStream+SKPSMTPExtensions.m */,
				18216F0518ECF63C00C87109 /* SKPSMTPMessage.h */,
				18216F0618ECF63C00C87109 /* SKPSMTPMessage.m */,
			);
			path = SMTPLibrary;
			sourceTree = "<group>";
		};
		18216F6518EFC6F000C87109 /* Resources */ = {
			isa = PBXGroup;
			children = (
				18C946F418EC64A800A14DBE /* images */,
			);
			name = Resources;
			sourceTree = "<group>";
		};
		18216F6B18F01CEE00C87109 /* SVProgressHUD */ = {
			isa = PBXGroup;
			children = (
				18216F6C18F01CEE00C87109 /* SVProgressHUD-Prefix.pch */,
				18216F6D18F01CEE00C87109 /* SVProgressHUD.bundle */,
				18216F6E18F01CEE00C87109 /* SVProgressHUD.h */,
				18216F6F18F01CEE00C87109 /* SVProgressHUD.m */,
			);
			path = SVProgressHUD;
			sourceTree = "<group>";
		};
		18C946B018EC621100A14DBE = {
			isa = PBXGroup;
			children = (
				18C946C218EC621100A14DBE /* MarriageCreate */,
				18C946E118EC621100A14DBE /* MarriageCreateTests */,
				18C946BB18EC621100A14DBE /* Frameworks */,
				18C946BA18EC621100A14DBE /* Products */,
			);
			sourceTree = "<group>";
		};
		18C946BA18EC621100A14DBE /* Products */ = {
			isa = PBXGroup;
			children = (
				18C946B918EC621100A14DBE /* MarriageCreate.app */,
				18C946DA18EC621100A14DBE /* MarriageCreateTests.xctest */,
			);
			name = Products;
			sourceTree = "<group>";
		};
		18C946BB18EC621100A14DBE /* Frameworks */ = {
			isa = PBXGroup;
			children = (
				8731D39E18EE585700C3F977 /* AVFoundation.framework */,
				18C946BC18EC621100A14DBE /* Foundation.framework */,
				18C946BE18EC621100A14DBE /* CoreGraphics.framework */,
				18C946C018EC621100A14DBE /* UIKit.framework */,
				18C946DB18EC621100A14DBE /* XCTest.framework */,
			);
			name = Frameworks;
			sourceTree = "<group>";
		};
		18C946C218EC621100A14DBE /* MarriageCreate */ = {
			isa = PBXGroup;
			children = (
				8731D39A18EE560F00C3F977 /* camera */,
				18216EFC18ECF63C00C87109 /* SMTPLibrary */,
				18216EBF18EC6F9300C87109 /* ELCImagePicker */,
				18216F6B18F01CEE00C87109 /* SVProgressHUD */,
				18C946CB18EC621100A14DBE /* AppDelegate.h */,
				18C946CC18EC621100A14DBE /* AppDelegate.m */,
				18C946CE18EC621100A14DBE /* Main.storyboard */,
				18C946F118EC62D700A14DBE /* SlideViewController.h */,
				18C946F218EC62D700A14DBE /* SlideViewController.m */,
				18C946D118EC621100A14DBE /* MainViewController.h */,
				18C946D218EC621100A14DBE /* MainViewController.m */,
				18216F6518EFC6F000C87109 /* Resources */,
				18C946D418EC621100A14DBE /* Images.xcassets */,
				18C946C318EC621100A14DBE /* Supporting Files */,
			);
			path = MarriageCreate;
			sourceTree = "<group>";
		};
		18C946C318EC621100A14DBE /* Supporting Files */ = {
			isa = PBXGroup;
			children = (
				18C946C418EC621100A14DBE /* MarriageCreate-Info.plist */,
				18C946C518EC621100A14DBE /* InfoPlist.strings */,
				18C946C818EC621100A14DBE /* main.m */,
				18C946CA18EC621100A14DBE /* MarriageCreate-Prefix.pch */,
			);
			name = "Supporting Files";
			sourceTree = "<group>";
		};
		18C946E118EC621100A14DBE /* MarriageCreateTests */ = {
			isa = PBXGroup;
			children = (
				18C946E718EC621100A14DBE /* MarriageCreateTests.m */,
				18C946E218EC621100A14DBE /* Supporting Files */,
			);
			path = MarriageCreateTests;
			sourceTree = "<group>";
		};
		18C946E218EC621100A14DBE /* Supporting Files */ = {
			isa = PBXGroup;
			children = (
				18C946E318EC621100A14DBE /* MarriageCreateTests-Info.plist */,
				18C946E418EC621100A14DBE /* InfoPlist.strings */,
			);
			name = "Supporting Files";
			sourceTree = "<group>";
		};
		18C946F418EC64A800A14DBE /* images */ = {
			isa = PBXGroup;
			children = (
				18216F7418F2492600C87109 /* icon-60@2x.png */,
				18C946F718EC677200A14DBE /* ic-slide.png */,
				8731D3A518EE74AE00C3F977 /* camera.png */,
				8731D3A718EE7B6700C3F977 /* arrow.png */,
				18C946F818EC677200A14DBE /* ic-photo.png */,
				18C946F918EC677200A14DBE /* ic-send.png */,
				18C946F518EC64CA00A14DBE /* back.png */,
			);
			name = images;
			sourceTree = "<group>";
		};
		8731D39A18EE560F00C3F977 /* camera */ = {
			isa = PBXGroup;
			children = (
				8731D3A018EE696A00C3F977 /* CameraViewController.h */,
				8731D3A118EE696A00C3F977 /* CameraViewController.m */,
			);
			name = camera;
			sourceTree = "<group>";
		};
/* End PBXGroup section */

/* Begin PBXNativeTarget section */
		18C946B818EC621100A14DBE /* MarriageCreate */ = {
			isa = PBXNativeTarget;
			buildConfigurationList = 18C946EB18EC621100A14DBE /* Build configuration list for PBXNativeTarget "MarriageCreate" */;
			buildPhases = (
				18C946B518EC621100A14DBE /* Sources */,
				18C946B618EC621100A14DBE /* Frameworks */,
				18C946B718EC621100A14DBE /* Resources */,
			);
			buildRules = (
			);
			dependencies = (
			);
			name = MarriageCreate;
			productName = MarriageCreate;
			productReference = 18C946B918EC621100A14DBE /* MarriageCreate.app */;
			productType = "com.apple.product-type.application";
		};
		18C946D918EC621100A14DBE /* MarriageCreateTests */ = {
			isa = PBXNativeTarget;
			buildConfigurationList = 18C946EE18EC621100A14DBE /* Build configuration list for PBXNativeTarget "MarriageCreateTests" */;
			buildPhases = (
				18C946D618EC621100A14DBE /* Sources */,
				18C946D718EC621100A14DBE /* Frameworks */,
				18C946D818EC621100A14DBE /* Resources */,
			);
			buildRules = (
			);
			dependencies = (
				18C946E018EC621100A14DBE /* PBXTargetDependency */,
			);
			name = MarriageCreateTests;
			productName = MarriageCreateTests;
			productReference = 18C946DA18EC621100A14DBE /* MarriageCreateTests.xctest */;
			productType = "com.apple.product-type.bundle.unit-test";
		};
/* End PBXNativeTarget section */

/* Begin PBXProject section */
		18C946B118EC621100A14DBE /* Project object */ = {
			isa = PBXProject;
			attributes = {
				LastUpgradeCheck = 0510;
				ORGANIZATIONNAME = teamInnovation;
				TargetAttributes = {
					18C946B818EC621100A14DBE = {
						DevelopmentTeam = F6V5S453ZH;
					};
					18C946D918EC621100A14DBE = {
						TestTargetID = 18C946B818EC621100A14DBE;
					};
				};
			};
			buildConfigurationList = 18C946B418EC621100A14DBE /* Build configuration list for PBXProject "MarriageCreate" */;
			compatibilityVersion = "Xcode 3.2";
			developmentRegion = English;
			hasScannedForEncodings = 0;
			knownRegions = (
				en,
				Base,
			);
			mainGroup = 18C946B018EC621100A14DBE;
			productRefGroup = 18C946BA18EC621100A14DBE /* Products */;
			projectDirPath = "";
			projectRoot = "";
			targets = (
				18C946B818EC621100A14DBE /* MarriageCreate */,
				18C946D918EC621100A14DBE /* MarriageCreateTests */,
			);
		};
/* End PBXProject section */

/* Begin PBXResourcesBuildPhase section */
		18C946B718EC621100A14DBE /* Resources */ = {
			isa = PBXResourcesBuildPhase;
			buildActionMask = 2147483647;
			files = (
				18C946FB18EC677200A14DBE /* ic-photo.png in Resources */,
				18C946F618EC64CA00A14DBE /* back.png in Resources */,
				18216ED918EC6F9300C87109 /* ELCAssetTablePicker.xib in Resources */,
				18C946D518EC621100A14DBE /* Images.xcassets in Resources */,
				18216EDA18EC6F9300C87109 /* Overlay.png in Resources */,
				8731D3A818EE7B6700C3F977 /* arrow.png in Resources */,
				18216EDB18EC6F9300C87109 /* Overlay@2x.png in Resources */,
				18216F7518F2492600C87109 /* icon-60@2x.png in Resources */,
				18C946FC18EC677200A14DBE /* ic-send.png in Resources */,
				18216ED718EC6F9300C87109 /* ELCAlbumPickerController.xib in Resources */,
				8731D3A618EE74AE00C3F977 /* camera.png in Resources */,
				18216F7018F01CEE00C87109 /* SVProgressHUD.bundle in Resources */,
				18C946C718EC621100A14DBE /* InfoPlist.strings in Resources */,
				18216ED818EC6F9300C87109 /* ELCAssetPicker.xib in Resources */,
				18C946D018EC621100A14DBE /* Main.storyboard in Resources */,
				18C946FA18EC677200A14DBE /* ic-slide.png in Resources */,
			);
			runOnlyForDeploymentPostprocessing = 0;
		};
		18C946D818EC621100A14DBE /* Resources */ = {
			isa = PBXResourcesBuildPhase;
			buildActionMask = 2147483647;
			files = (
				18C946E618EC621100A14DBE /* InfoPlist.strings in Resources */,
			);
			runOnlyForDeploymentPostprocessing = 0;
		};
/* End PBXResourcesBuildPhase section */

/* Begin PBXSourcesBuildPhase section */
		18C946B518EC621100A14DBE /* Sources */ = {
			isa = PBXSourcesBuildPhase;
			buildActionMask = 2147483647;
			files = (
				8731D3A218EE696A00C3F977 /* CameraViewController.m in Sources */,
				18216F0818ECF63C00C87109 /* HSK_CFUtilities.m in Sources */,
				18216ED418EC6F9300C87109 /* ELCAssetCell.m in Sources */,
				18216ED218EC6F9300C87109 /* ELCAlbumPickerController.m in Sources */,
				18216ED618EC6F9300C87109 /* ELCImagePickerController.m in Sources */,
				18216F0718ECF63C00C87109 /* Base64Transcoder.m in Sources */,
				18216ED518EC6F9300C87109 /* ELCAssetTablePicker.m in Sources */,
				18216ED318EC6F9300C87109 /* ELCAsset.m in Sources */,
				18C946F318EC62D700A14DBE /* SlideViewController.m in Sources */,
				18216F7118F01CEE00C87109 /* SVProgressHUD.m in Sources */,
				18216F0B18ECF63C00C87109 /* SKPSMTPMessage.m in Sources */,
				18C946D318EC621100A14DBE /* MainViewController.m in Sources */,
				18216F0918ECF63C00C87109 /* NSData+Base64Additions.m in Sources */,
				18C946CD18EC621100A14DBE /* AppDelegate.m in Sources */,
				18216F0A18ECF63C00C87109 /* NSStream+SKPSMTPExtensions.m in Sources */,
				18C946C918EC621100A14DBE /* main.m in Sources */,
			);
			runOnlyForDeploymentPostprocessing = 0;
		};
		18C946D618EC621100A14DBE /* Sources */ = {
			isa = PBXSourcesBuildPhase;
			buildActionMask = 2147483647;
			files = (
				18C946E818EC621100A14DBE /* MarriageCreateTests.m in Sources */,
			);
			runOnlyForDeploymentPostprocessing = 0;
		};
/* End PBXSourcesBuildPhase section */

/* Begin PBXTargetDependency section */
		18C946E018EC621100A14DBE /* PBXTargetDependency */ = {
			isa = PBXTargetDependency;
			target = 18C946B818EC621100A14DBE /* MarriageCreate */;
			targetProxy = 18C946DF18EC621100A14DBE /* PBXContainerItemProxy */;
		};
/* End PBXTargetDependency section */

/* Begin PBXVariantGroup section */
		18C946C518EC621100A14DBE /* InfoPlist.strings */ = {
			isa = PBXVariantGroup;
			children = (
				18C946C618EC621100A14DBE /* en */,
			);
			name = InfoPlist.strings;
			sourceTree = "<group>";
		};
		18C946CE18EC621100A14DBE /* Main.storyboard */ = {
			isa = PBXVariantGroup;
			children = (
				18C946CF18EC621100A14DBE /* Base */,
			);
			name = Main.storyboard;
			sourceTree = "<group>";
		};
		18C946E418EC621100A14DBE /* InfoPlist.strings */ = {
			isa = PBXVariantGroup;
			children = (
				18C946E518EC621100A14DBE /* en */,
			);
			name = InfoPlist.strings;
			sourceTree = "<group>";
		};
/* End PBXVariantGroup section */

/* Begin XCBuildConfiguration section */
		18C946E918EC621100A14DBE /* Debug */ = {
			isa = XCBuildConfiguration;
			buildSettings = {
				ALWAYS_SEARCH_USER_PATHS = NO;
				CLANG_CXX_LANGUAGE_STANDARD = "gnu++0x";
				CLANG_CXX_LIBRARY = "libc++";
				CLANG_ENABLE_MODULES = YES;
				CLANG_ENABLE_OBJC_ARC = YES;
				CLANG_WARN_BOOL_CONVERSION = YES;
				CLANG_WARN_CONSTANT_CONVERSION = YES;
				CLANG_WARN_DIRECT_OBJC_ISA_USAGE = YES_ERROR;
				CLANG_WARN_EMPTY_BODY = YES;
				CLANG_WARN_ENUM_CONVERSION = YES;
				CLANG_WARN_INT_CONVERSION = YES;
				CLANG_WARN_OBJC_ROOT_CLASS = YES_ERROR;
				CLANG_WARN__DUPLICATE_METHOD_MATCH = YES;
				"CODE_SIGN_IDENTITY[sdk=iphoneos*]" = "iPhone Developer";
				COPY_PHASE_STRIP = NO;
				GCC_C_LANGUAGE_STANDARD = gnu99;
				GCC_DYNAMIC_NO_PIC = NO;
				GCC_OPTIMIZATION_LEVEL = 0;
				GCC_PREPROCESSOR_DEFINITIONS = (
					"DEBUG=1",
					"$(inherited)",
				);
				GCC_SYMBOLS_PRIVATE_EXTERN = NO;
				GCC_WARN_64_TO_32_BIT_CONVERSION = YES;
				GCC_WARN_ABOUT_RETURN_TYPE = YES_ERROR;
				GCC_WARN_UNDECLARED_SELECTOR = YES;
				GCC_WARN_UNINITIALIZED_AUTOS = YES_AGGRESSIVE;
				GCC_WARN_UNUSED_FUNCTION = YES;
				GCC_WARN_UNUSED_VARIABLE = YES;
				IPHONEOS_DEPLOYMENT_TARGET = 7.1;
				ONLY_ACTIVE_ARCH = YES;
				SDKROOT = iphoneos;
			};
			name = Debug;
		};
		18C946EA18EC621100A14DBE /* Release */ = {
			isa = XCBuildConfiguration;
			buildSettings = {
				ALWAYS_SEARCH_USER_PATHS = NO;
				CLANG_CXX_LANGUAGE_STANDARD = "gnu++0x";
				CLANG_CXX_LIBRARY = "libc++";
				CLANG_ENABLE_MODULES = YES;
				CLANG_ENABLE_OBJC_ARC = YES;
				CLANG_WARN_BOOL_CONVERSION = YES;
				CLANG_WARN_CONSTANT_CONVERSION = YES;
				CLANG_WARN_DIRECT_OBJC_ISA_USAGE = YES_ERROR;
				CLANG_WARN_EMPTY_BODY = YES;
				CLANG_WARN_ENUM_CONVERSION = YES;
				CLANG_WARN_INT_CONVERSION = YES;
				CLANG_WARN_OBJC_ROOT_CLASS = YES_ERROR;
				CLANG_WARN__DUPLICATE_METHOD_MATCH = YES;
				"CODE_SIGN_IDENTITY[sdk=iphoneos*]" = "iPhone Developer";
				COPY_PHASE_STRIP = YES;
				ENABLE_NS_ASSERTIONS = NO;
				GCC_C_LANGUAGE_STANDARD = gnu99;
				GCC_WARN_64_TO_32_BIT_CONVERSION = YES;
				GCC_WARN_ABOUT_RETURN_TYPE = YES_ERROR;
				GCC_WARN_UNDECLARED_SELECTOR = YES;
				GCC_WARN_UNINITIALIZED_AUTOS = YES_AGGRESSIVE;
				GCC_WARN_UNUSED_FUNCTION = YES;
				GCC_WARN_UNUSED_VARIABLE = YES;
				IPHONEOS_DEPLOYMENT_TARGET = 7.1;
				SDKROOT = iphoneos;
				VALIDATE_PRODUCT = YES;
			};
			name = Release;
		};
		18C946EC18EC621100A14DBE /* Debug */ = {
			isa = XCBuildConfiguration;
			buildSettings = {
				ASSETCATALOG_COMPILER_APPICON_NAME = AppIcon;
				ASSETCATALOG_COMPILER_LAUNCHIMAGE_NAME = LaunchImage;
				CODE_SIGN_IDENTITY = "iPhone Developer";
				"CODE_SIGN_IDENTITY[sdk=iphoneos*]" = "iPhone Developer";
				GCC_PRECOMPILE_PREFIX_HEADER = YES;
				GCC_PREFIX_HEADER = "MarriageCreate/MarriageCreate-Prefix.pch";
				INFOPLIST_FILE = "MarriageCreate/MarriageCreate-Info.plist";
				PRODUCT_NAME = "$(TARGET_NAME)";
				PROVISIONING_PROFILE = "";
				WRAPPER_EXTENSION = app;
			};
			name = Debug;
		};
		18C946ED18EC621100A14DBE /* Release */ = {
			isa = XCBuildConfiguration;
			buildSettings = {
				ASSETCATALOG_COMPILER_APPICON_NAME = AppIcon;
				ASSETCATALOG_COMPILER_LAUNCHIMAGE_NAME = LaunchImage;
				CODE_SIGN_IDENTITY = "iPhone Developer";
				"CODE_SIGN_IDENTITY[sdk=iphoneos*]" = "iPhone Developer";
				GCC_PRECOMPILE_PREFIX_HEADER = YES;
				GCC_PREFIX_HEADER = "MarriageCreate/MarriageCreate-Prefix.pch";
				INFOPLIST_FILE = "MarriageCreate/MarriageCreate-Info.plist";
				PRODUCT_NAME = "$(TARGET_NAME)";
				PROVISIONING_PROFILE = "";
				WRAPPER_EXTENSION = app;
			};
			name = Release;
		};
		18C946EF18EC621100A14DBE /* Debug */ = {
			isa = XCBuildConfiguration;
			buildSettings = {
				BUNDLE_LOADER = "$(BUILT_PRODUCTS_DIR)/MarriageCreate.app/MarriageCreate";
				FRAMEWORK_SEARCH_PATHS = (
					"$(SDKROOT)/Developer/Library/Frameworks",
					"$(inherited)",
					"$(DEVELOPER_FRAMEWORKS_DIR)",
				);
				GCC_PRECOMPILE_PREFIX_HEADER = YES;
				GCC_PREFIX_HEADER = "MarriageCreate/MarriageCreate-Prefix.pch";
				GCC_PREPROCESSOR_DEFINITIONS = (
					"DEBUG=1",
					"$(inherited)",
				);
				INFOPLIST_FILE = "MarriageCreateTests/MarriageCreateTests-Info.plist";
				PRODUCT_NAME = "$(TARGET_NAME)";
				TEST_HOST = "$(BUNDLE_LOADER)";
				WRAPPER_EXTENSION = xctest;
			};
			name = Debug;
		};
		18C946F018EC621100A14DBE /* Release */ = {
			isa = XCBuildConfiguration;
			buildSettings = {
				BUNDLE_LOADER = "$(BUILT_PRODUCTS_DIR)/MarriageCreate.app/MarriageCreate";
				FRAMEWORK_SEARCH_PATHS = (
					"$(SDKROOT)/Developer/Library/Frameworks",
					"$(inherited)",
					"$(DEVELOPER_FRAMEWORKS_DIR)",
				);
				GCC_PRECOMPILE_PREFIX_HEADER = YES;
				GCC_PREFIX_HEADER = "MarriageCreate/MarriageCreate-Prefix.pch";
				INFOPLIST_FILE = "MarriageCreateTests/MarriageCreateTests-Info.plist";
				PRODUCT_NAME = "$(TARGET_NAME)";
				TEST_HOST = "$(BUNDLE_LOADER)";
				WRAPPER_EXTENSION = xctest;
			};
			name = Release;
		};
/* End XCBuildConfiguration section */

/* Begin XCConfigurationList section */
		18C946B418EC621100A14DBE /* Build configuration list for PBXProject "MarriageCreate" */ = {
			isa = XCConfigurationList;
			buildConfigurations = (
				18C946E918EC621100A14DBE /* Debug */,
				18C946EA18EC621100A14DBE /* Release */,
			);
			defaultConfigurationIsVisible = 0;
			defaultConfigurationName = Release;
		};
		18C946EB18EC621100A14DBE /* Build configuration list for PBXNativeTarget "MarriageCreate" */ = {
			isa = XCConfigurationList;
			buildConfigurations = (
				18C946EC18EC621100A14DBE /* Debug */,
				18C946ED18EC621100A14DBE /* Release */,
			);
			defaultConfigurationIsVisible = 0;
			defaultConfigurationName = Release;
		};
		18C946EE18EC621100A14DBE /* Build configuration list for PBXNativeTarget "MarriageCreateTests" */ = {
			isa = XCConfigurationList;
			buildConfigurations = (
				18C946EF18EC621100A14DBE /* Debug */,
				18C946F018EC621100A14DBE /* Release */,
			);
			defaultConfigurationIsVisible = 0;
			defaultConfigurationName = Release;
		};
/* End XCConfigurationList section */
	};
	rootObject = 18C946B118EC621100A14DBE /* Project object */;
}
